{
  "version": "5",
  "redirects": {
    "https://esm.sh/@supabase/node-fetch@^2.6.14?target=denonext": "https://esm.sh/@supabase/node-fetch@2.6.15?target=denonext",
    "https://esm.sh/@supabase/supabase-js@2": "https://esm.sh/@supabase/supabase-js@2.49.10",
    "https://esm.sh/@types/combined-stream@~1.0.6/index.d.ts": "https://esm.sh/@types/combined-stream@1.0.6/index.d.ts",
    "https://esm.sh/@types/debug@~4.1.12/index.d.ts": "https://esm.sh/@types/debug@4.1.12/index.d.ts",
    "https://esm.sh/@types/follow-redirects@~1.14.4/index.d.ts": "https://esm.sh/@types/follow-redirects@1.14.4/index.d.ts",
    "https://esm.sh/@types/mime-types@~2.1.4/index.d.ts": "https://esm.sh/@types/mime-types@2.1.4/index.d.ts",
    "https://esm.sh/@types/ws@~8.18.1/index.d.mts": "https://esm.sh/@types/ws@8.18.1/index.d.mts",
    "https://esm.sh/asynckit@^0.4.0?target=denonext": "https://esm.sh/asynckit@0.4.0?target=denonext",
    "https://esm.sh/axios@^0.26.0?target=denonext": "https://esm.sh/axios@0.26.1?target=denonext",
    "https://esm.sh/bufferutil@^4.0.1?target=denonext": "https://esm.sh/bufferutil@4.0.9?target=denonext",
    "https://esm.sh/combined-stream@^1.0.8?target=denonext": "https://esm.sh/combined-stream@1.0.8?target=denonext",
    "https://esm.sh/debug?target=denonext": "https://esm.sh/debug@4.4.1?target=denonext",
    "https://esm.sh/delayed-stream@~1.0.0?target=denonext": "https://esm.sh/delayed-stream@1.0.0?target=denonext",
    "https://esm.sh/follow-redirects@^1.14.8?target=denonext": "https://esm.sh/follow-redirects@1.15.9?target=denonext",
    "https://esm.sh/form-data@^4.0.0?target=denonext": "https://esm.sh/form-data@4.0.2?target=denonext",
    "https://esm.sh/mime-types@^2.1.12?target=denonext": "https://esm.sh/mime-types@2.1.35?target=denonext",
    "https://esm.sh/ms@^2.1.3?target=denonext": "https://esm.sh/ms@2.1.3?target=denonext",
    "https://esm.sh/node-gyp-build@^4.3.0?target=denonext": "https://esm.sh/node-gyp-build@4.8.4?target=denonext",
    "https://esm.sh/supports-color?target=denonext": "https://esm.sh/supports-color@10.0.0?target=denonext",
    "https://esm.sh/tr46@~0.0.3?target=denonext": "https://esm.sh/tr46@0.0.3?target=denonext",
    "https://esm.sh/utf-8-validate@%3E=5.0.2?target=denonext": "https://esm.sh/utf-8-validate@6.0.5?target=denonext",
    "https://esm.sh/webidl-conversions@^3.0.0?target=denonext": "https://esm.sh/webidl-conversions@3.0.1?target=denonext",
    "https://esm.sh/whatwg-url@^5.0.0?target=denonext": "https://esm.sh/whatwg-url@5.0.0?target=denonext",
    "https://esm.sh/ws@^8.18.2?target=denonext": "https://esm.sh/ws@8.18.2?target=denonext"
  },
  "remote": {
    "https://deno.land/std@0.150.0/media_types/_util.ts": "ce9b4fc4ba1c447dafab619055e20fd88236ca6bdd7834a21f98bd193c3fbfa1",
    "https://deno.land/std@0.150.0/media_types/mod.ts": "2d4b6f32a087029272dc59e0a55ae3cc4d1b27b794ccf528e94b1925795b3118",
    "https://deno.land/std@0.150.0/media_types/vendor/mime-db.v1.52.0.ts": "724cee25fa40f1a52d3937d6b4fbbfdd7791ff55e1b7ac08d9319d5632c7f5af",
    "https://deno.land/std@0.177.0/async/abortable.ts": "73acfb3ed7261ce0d930dbe89e43db8d34e017b063cf0eaa7d215477bf53442e",
    "https://deno.land/std@0.177.0/async/deadline.ts": "c5facb0b404eede83e38bd2717ea8ab34faa2ffb20ef87fd261fcba32ba307aa",
    "https://deno.land/std@0.177.0/async/debounce.ts": "adab11d04ca38d699444ac8a9d9856b4155e8dda2afd07ce78276c01ea5a4332",
    "https://deno.land/std@0.177.0/async/deferred.ts": "42790112f36a75a57db4a96d33974a936deb7b04d25c6084a9fa8a49f135def8",
    "https://deno.land/std@0.177.0/async/delay.ts": "73aa04cec034c84fc748c7be49bb15cac3dd43a57174bfdb7a4aec22c248f0dd",
    "https://deno.land/std@0.177.0/async/mod.ts": "f04344fa21738e5ad6bea37a6bfffd57c617c2d372bb9f9dcfd118a1b622e576",
    "https://deno.land/std@0.177.0/async/mux_async_iterator.ts": "70c7f2ee4e9466161350473ad61cac0b9f115cff4c552eaa7ef9d50c4cbb4cc9",
    "https://deno.land/std@0.177.0/async/pool.ts": "fd082bd4aaf26445909889435a5c74334c017847842ec035739b4ae637ae8260",
    "https://deno.land/std@0.177.0/async/retry.ts": "5efa3ba450ac0c07a40a82e2df296287b5013755d232049efd7ea2244f15b20f",
    "https://deno.land/std@0.177.0/async/tee.ts": "47e42d35f622650b02234d43803d0383a89eb4387e1b83b5a40106d18ae36757",
    "https://deno.land/std@0.177.0/http/server.ts": "cbb17b594651215ba95c01a395700684e569c165a567e4e04bba327f41197433",
    "https://deno.land/x/openai@v4.24.0/_shims/MultipartBody.ts": "fe06a56b54ae358c9cf99823096e34b36795fdba2e17513f0e9539210edd797d",
    "https://deno.land/x/openai@v4.24.0/_shims/mod.ts": "df7a905c0bd873d3dab745b9c63403594b1804131b5f533e1e72a2f2747cba74",
    "https://deno.land/x/openai@v4.24.0/core.ts": "f63dd18846582debcbf9834b944f1a65c879b6f9624466d97198291dc0915400",
    "https://deno.land/x/openai@v4.24.0/error.ts": "82962c51d5894159afc3351e31133eacad9405674ea03c8ccd5ce071b88d5ebf",
    "https://deno.land/x/openai@v4.24.0/lib/AbstractChatCompletionRunner.ts": "0b2442b11f59559f1e8d67b2083dd948a7e9d1b7163de968dd290255c19242ce",
    "https://deno.land/x/openai@v4.24.0/lib/ChatCompletionRunner.ts": "0d1cc40d99cd64b7d573ab95f9cb75750f24f9829da91e12573122842985a2d0",
    "https://deno.land/x/openai@v4.24.0/lib/ChatCompletionStream.ts": "c7a6fa2e25819ff85ef5eb2ad1c912d19615cf8550129151837bc0cc31f31e77",
    "https://deno.land/x/openai@v4.24.0/lib/ChatCompletionStreamingRunner.ts": "9bcaae3760dd5f9b54d5d4b2ba79b8731bb3dc79214c26e5d0bbdfe809747dd2",
    "https://deno.land/x/openai@v4.24.0/lib/RunnableFunction.ts": "f45a16776de983da6b65e5748eb2c581b6ea9d3849bda0026f24659cf0be2d2c",
    "https://deno.land/x/openai@v4.24.0/lib/chatCompletionUtils.ts": "4991d3e698a54f8e4273eb0f1d73851f7ba549a0a32fabbcd739627677003cb9",
    "https://deno.land/x/openai@v4.24.0/lib/jsonschema.ts": "ed31a7861e19e505c43aa7612579b2739243ee8e8dd47ccb5f8908fa5ff3b5f0",
    "https://deno.land/x/openai@v4.24.0/mod.ts": "d4e7be3173ac239231d40b32c94fad4bc620f83676f672d441252daa02b06d8f",
    "https://deno.land/x/openai@v4.24.0/pagination.ts": "cff578222c3cd20ba48d86ddc596b45c45f134e8e0f1fd84ee6ee7438457fecf",
    "https://deno.land/x/openai@v4.24.0/resource.ts": "ab3af12d680ecd58fad8f1ff5cd64b48314155bfbd1c4498d1cadd914f8a1316",
    "https://deno.land/x/openai@v4.24.0/resources/audio/audio.ts": "5e29281f42c8938e9ae93284fc360b4d7fa9c21cd79fe03a48e98e8b317edab0",
    "https://deno.land/x/openai@v4.24.0/resources/audio/speech.ts": "0a559eacfa16a3b69d96cd1ef8f6dad903ba28cf031f641ae2bfd4238e104352",
    "https://deno.land/x/openai@v4.24.0/resources/audio/transcriptions.ts": "3b6881e3c4ab19a0946f7bc5f91c2e64eefcf8e37fd715ab464d0dc27590df1c",
    "https://deno.land/x/openai@v4.24.0/resources/audio/translations.ts": "9785bc24a8a555e06898a029f943169934f15051862cf7e824f32defdc19d485",
    "https://deno.land/x/openai@v4.24.0/resources/beta/assistants/assistants.ts": "e53e8edb16a1c794a84148a140ddf7e64f0d8c09f557e3925e0ce4972885f7be",
    "https://deno.land/x/openai@v4.24.0/resources/beta/assistants/files.ts": "a923a0ae4f8f7a2953709ba97e7849e212c62571fd6075670ee695b5ed6eb117",
    "https://deno.land/x/openai@v4.24.0/resources/beta/beta.ts": "fbcb0b5065cd8093173544282a9208e6f6b89f66b5dbe62c420cd3ad5fa6aff8",
    "https://deno.land/x/openai@v4.24.0/resources/beta/chat/chat.ts": "27c8bfae3bd25d2c7a76e61af3bb63dbf39406ee826282fb1f1502bd5b577cd3",
    "https://deno.land/x/openai@v4.24.0/resources/beta/chat/completions.ts": "e7d1937f3c60fd04381f0104f640eb69c9371a42153e0583da4638a8b5b15c6a",
    "https://deno.land/x/openai@v4.24.0/resources/beta/threads/messages/files.ts": "bd50ec629f6216944a42455ea5f9ec992885df346637f46ede3a4c71fb04246f",
    "https://deno.land/x/openai@v4.24.0/resources/beta/threads/messages/messages.ts": "34ac0d56bf22a5fe6d7853d8c921b81f35817dc76ce7875f7763101bd7449544",
    "https://deno.land/x/openai@v4.24.0/resources/beta/threads/runs/runs.ts": "67cd41f5cbbdc6b6344886219ed881498c9a2d67ee9551ba5675560afe67d0e9",
    "https://deno.land/x/openai@v4.24.0/resources/beta/threads/runs/steps.ts": "74cab30e50485eb1a14c6a4430ed4e9976115c06f09ffff009d8b0818849d7d1",
    "https://deno.land/x/openai@v4.24.0/resources/beta/threads/threads.ts": "c38ee69e89a6ca36de824fd4b6997c77ac603aa928ffb97ea3e3614a12e34ee4",
    "https://deno.land/x/openai@v4.24.0/resources/chat/chat.ts": "f620f47df83efa5d32520c894223133a3f94e0358462b7937df45f1a588e3960",
    "https://deno.land/x/openai@v4.24.0/resources/chat/completions.ts": "4904cfef68848f9e182fdce5c6a6d2d8de122cd0bec3f326db99f6fe67183a79",
    "https://deno.land/x/openai@v4.24.0/resources/chat/mod.ts": "220d4b7ae6c7b901594371308b2f397fe1d736ae039b6e400cbdad843c791fc4",
    "https://deno.land/x/openai@v4.24.0/resources/completions.ts": "4cbcbceb2c7f5bc5f9ac39698ca62cad2a2127efaad0d50ee04aff06d3fdb79e",
    "https://deno.land/x/openai@v4.24.0/resources/edits.ts": "847a392dfe2d6a3614a20f46e013acaeb06e69de40a4106b012cb99f02fcfc23",
    "https://deno.land/x/openai@v4.24.0/resources/embeddings.ts": "f607d76d445c6314e43a6816ab7a5e39e1ef33efdbc0ae1c1b5313e4cede9866",
    "https://deno.land/x/openai@v4.24.0/resources/files.ts": "16c77abc27196a66692b1b1b34f424b56174d77859d9d9206c8f7827ae4448be",
    "https://deno.land/x/openai@v4.24.0/resources/fine-tunes.ts": "d4b7f4d758b0bfe6e5350d58ebe57150aa3426dc5143ec5815b4e231adffff0f",
    "https://deno.land/x/openai@v4.24.0/resources/fine-tuning/fine-tuning.ts": "c6021ccd5d6f062e6d6178882fba60fdfe51d5f54a0fd45a62d0823b21ca3314",
    "https://deno.land/x/openai@v4.24.0/resources/fine-tuning/jobs.ts": "9a619aa3f433ab24f8847129329e3d6105f4f59d4a02853e40097c1c423dcbff",
    "https://deno.land/x/openai@v4.24.0/resources/images.ts": "ac7153dd8bb7bdc93efb2ad2868a7acca5688f942936988273e23378a660a345",
    "https://deno.land/x/openai@v4.24.0/resources/mod.ts": "a2217f5ca1dfb6d64f752c673ac0348e85808cf956616571b203365ffe8e002d",
    "https://deno.land/x/openai@v4.24.0/resources/models.ts": "83f81fc5075a6ac2cdb6515014b7e9ce0d311f698ea416e8bf305573786ea809",
    "https://deno.land/x/openai@v4.24.0/resources/moderations.ts": "e3ebf9638af6c18e9a9ea875d1397580a501890ed9bd6710b2248a1b21bec30a",
    "https://deno.land/x/openai@v4.24.0/resources/shared.ts": "919082a633e2b16e9d83fd5e9af3b26af3dc24bbadf2e20c2862226b833de414",
    "https://deno.land/x/openai@v4.24.0/streaming.ts": "f360cf909b07562330ca75470ae26eecdc35f176af424b0f74ab673a5b242782",
    "https://deno.land/x/openai@v4.24.0/uploads.ts": "96dbd9e7e7b5a9bc3ff38e81f6c1372c2cdce28b38c704cd61c7daeb5494b6f9",
    "https://deno.land/x/openai@v4.24.0/version.ts": "4dcd23aa866d3457edbef4309dfb9d3fd36f8723eee8dac587a3b0ab54874d10",
    "https://deno.land/x/xhr@0.3.0/mod.ts": "094aacd627fd9635cd942053bf8032b5223b909858fa9dc8ffa583752ff63b20",
    "https://esm.sh/@js-joda/core@5.5.2": "244063b66b897f759baa7bed485c639bb105800db9240f9a0af5e0b8c8cbbdbd",
    "https://esm.sh/@js-joda/core@5.5.2/denonext/core.mjs": "a2c3ff2f7fb31689ae32e3fa8577e279172792bc12bf469ac75a6b263910798d",
    "https://esm.sh/@supabase/auth-js@2.69.1/denonext/auth-js.mjs": "fb31c3925437753f5a8a90fc57ea24dc5b68b2b295e696123b1b6a635b7b3ada",
    "https://esm.sh/@supabase/functions-js@2.4.4/denonext/functions-js.mjs": "7adeb257410ef3c4a8a1eb9b4ff416c0075d1c32860ca04913c8a9dace1de6a6",
    "https://esm.sh/@supabase/node-fetch@2.6.15/denonext/node-fetch.mjs": "0bae9052231f4f6dbccc7234d05ea96923dbf967be12f402764580b6bf9f713d",
    "https://esm.sh/@supabase/node-fetch@2.6.15?target=denonext": "4d28c4ad97328403184353f68434f2b6973971507919e9150297413664919cf3",
    "https://esm.sh/@supabase/postgrest-js@1.19.4/denonext/postgrest-js.mjs": "2073b5552ba10c7a8302bffffae771e3aede1daf833382355dae239fb0ab2576",
    "https://esm.sh/@supabase/realtime-js@2.11.10/denonext/realtime-js.mjs": "23ab7d3a2cda22a65d0ed48e8adea547cc967bf4d2e32fd0af522563bdf77c24",
    "https://esm.sh/@supabase/storage-js@2.7.1/denonext/storage-js.mjs": "73ac8cdc95cfcd794fe603dbd7ce06d539ab51538ae6467eabe0f9cc26c993aa",
    "https://esm.sh/@supabase/supabase-js@2.49.10": "3d8e4ccfc30e9dbd8d1c47da2160296cc9d0a32f0b5bb1118a6c22fe8e8d1500",
    "https://esm.sh/@supabase/supabase-js@2.49.10/denonext/supabase-js.mjs": "595beaa05a2420492179686af154d930761a30adf6bc4b061376b6c728c296a4",
    "https://esm.sh/asynckit@0.4.0/denonext/asynckit.mjs": "4ef3be6eb52c104699b90ca5524db55ec15bc76b361432f05c16b6106279ba72",
    "https://esm.sh/asynckit@0.4.0?target=denonext": "c6bd8832d6d16b648e22d124a16d33c3a7f7076e92be9444f2e4f6b27545708d",
    "https://esm.sh/axios@0.26.1/denonext/axios.mjs": "e2f0edd4a82478e9dcfac1712e3f54781386754872ad621207db70f1608ada95",
    "https://esm.sh/axios@0.26.1?target=denonext": "af23662b600e9fad6a05c53407285dc2dddef97106c05d7c0d4304a675451a9a",
    "https://esm.sh/bufferutil@4.0.9/denonext/bufferutil.mjs": "13dca4d5bb2c68cbe119f880fa3bd785b9a81a8e02e0834dae604b4b85295cd8",
    "https://esm.sh/bufferutil@4.0.9?target=denonext": "e32574569ab438facfcc3f412c659b0719bbf05477136ca176938c9a3ac45125",
    "https://esm.sh/combined-stream@1.0.8/denonext/combined-stream.mjs": "364b91aa4c33e5f0b4075949d93a3407b21a8695031e7c2be29999d588f9ca2c",
    "https://esm.sh/combined-stream@1.0.8?target=denonext": "a0c89b8b29494e966774c7a708e33cc2df16a0bbe2279c841d088e169e7ab3c4",
    "https://esm.sh/debug@4.4.1/denonext/debug.mjs": "f4ead1d2ba56c04c08e42abe96388337ddb17a197c16a7d896442b4fcb4d643e",
    "https://esm.sh/debug@4.4.1?target=denonext": "3c77699e6583e2c743e63bc0571647b963f1c82282b970df992b59fa585d76eb",
    "https://esm.sh/delayed-stream@1.0.0/denonext/delayed-stream.mjs": "051a3501b7b3d3c593b78a2c7305093a8e363c518cd156f1a77117185e312abe",
    "https://esm.sh/delayed-stream@1.0.0?target=denonext": "d363b81e01f4c886114df14aa660c1a938bbb4be851ff12132260bed0db6126e",
    "https://esm.sh/follow-redirects@1.15.9/denonext/follow-redirects.mjs": "90866d22d80eface74d3161906835600fbb1d5c9ded05dc72fd55b40960cfce7",
    "https://esm.sh/follow-redirects@1.15.9?target=denonext": "c8028ec9d980a1974362377614a4978d1556ba85a75bc32526e8917bede535d1",
    "https://esm.sh/form-data@4.0.2/denonext/form-data.mjs": "ad3c492eef1c6153bcfa02eb3041894e8bc8e4aa241ad4d9bd53a385f36d2c6f",
    "https://esm.sh/form-data@4.0.2?target=denonext": "83cf111a2e6f0f7b6c045508635ceae449c5d43d8d22df23693e5b996cc65899",
    "https://esm.sh/mime-db@1.52.0/denonext/mime-db.mjs": "f93feb3d7150014b71bd0d06c5bd819db56a089b31b8b79a3b0466bb37ef005e",
    "https://esm.sh/mime-types@2.1.35/denonext/mime-types.mjs": "704bdb318816fe1360c90a196f7cb3ba6e25fe207707cc2df873f890ad2e5f44",
    "https://esm.sh/mime-types@2.1.35?target=denonext": "e4cc9a1aabecc1be22d194375ec3b99cc9d51700cc4629ab689975451c0a8ce5",
    "https://esm.sh/ms@2.1.3/denonext/ms.mjs": "9039464da1f4ae1c2042742d335c82556c048bbe49449b5d0cd5198193afa147",
    "https://esm.sh/ms@2.1.3?target=denonext": "36f5aa7503ff0ff44ce9e3155a60362d8d3ae5db8db048be5764a3a515b6a263",
    "https://esm.sh/node-gyp-build@4.8.4/denonext/node-gyp-build.mjs": "9a86f2d044fc77bd60aaa3d697c2ba1b818da5fb1b9aaeedec59a40b8e908803",
    "https://esm.sh/node-gyp-build@4.8.4?target=denonext": "261a6cedf1fdbf159798141ba1e2311ac1510682c5c8b55dacc8cf5fdee4aa06",
    "https://esm.sh/openai@3.2.1": "3b045cc488a9a7332e4d42d5a4c5e413c0f64b8532c8b6aa1d5595a5996c4248",
    "https://esm.sh/openai@3.2.1/denonext/openai.mjs": "68645f6a759b7290b3d3ce5341e6e32fb8990f06d8fd7cb3b3ac9549fd179d9f",
    "https://esm.sh/openai@4.29.2": "383f7d822baf2b4aa1c996b83d8de181656394e2e29720806dd3bc1e610ef00c",
    "https://esm.sh/openai@4.29.2/denonext/_shims/MultipartBody.mjs": "254cb8a2c2ed0cfb8b83f5943c237f891a1b74832a42a7eada488539c726213e",
    "https://esm.sh/openai@4.29.2/denonext/_shims/auto/runtime.mjs": "d8f20300fccc57328a129444b0573759cafa98a9b71b7577c9179a5f0ee91600",
    "https://esm.sh/openai@4.29.2/denonext/_shims/index.mjs": "3a78ed707eb16ddea92a34fdd0a17b3a78b5b653c8adc9dc41194704307e3e60",
    "https://esm.sh/openai@4.29.2/denonext/_shims/registry.mjs": "761536e2f80b61e290bfb9870724bf1d512063b4f305f7c6a3997e5f560b5936",
    "https://esm.sh/openai@4.29.2/denonext/_shims/web-runtime.mjs": "efb16625a34b50f542a5c201ee7d67fe24691447c775390e8a43aeab7c36ee41",
    "https://esm.sh/openai@4.29.2/denonext/core.mjs": "84f0033277c12412192b4851493a24921a9f1640449c571b16418604f5f668ba",
    "https://esm.sh/openai@4.29.2/denonext/error.mjs": "25529bfb0c070f4130230d3387ac4b79a617d8d835af186dfc3de26e1f89be15",
    "https://esm.sh/openai@4.29.2/denonext/lib/AbstractAssistantStreamRunner.mjs": "beb8c82acc178027c0beef8fc518622be90925e7664861d0f84e3cff02c12262",
    "https://esm.sh/openai@4.29.2/denonext/lib/AbstractChatCompletionRunner.mjs": "34ae79c9444c370ec9a6ff97c011970bf712d05bf59e13e768e9593ee2bb5503",
    "https://esm.sh/openai@4.29.2/denonext/lib/AssistantStream.mjs": "a10588242cb66863f8ee2eb18de75abc4b3131dfbcbdedeb3e1577c5abc76a31",
    "https://esm.sh/openai@4.29.2/denonext/lib/ChatCompletionRunner.mjs": "101ef26be29046d9d5c579a0da9926cf96319521bf66b0a17c0536f047aed510",
    "https://esm.sh/openai@4.29.2/denonext/lib/ChatCompletionStream.mjs": "55f7d1c638e335965265de6141bfc4b0cb2ee7d5edf7c0e9d85b89efadc58a17",
    "https://esm.sh/openai@4.29.2/denonext/lib/ChatCompletionStreamingRunner.mjs": "9a87becc3162672f5d921309ed6791b5befcd62d34ee23a53f1bac7c14337945",
    "https://esm.sh/openai@4.29.2/denonext/lib/RunnableFunction.mjs": "6597b2ea22588a30d8acf96f407fd4c4a0b521d830bd6caf5a719e627e8d6414",
    "https://esm.sh/openai@4.29.2/denonext/lib/chatCompletionUtils.mjs": "68fc4ec56897c47428c46fb9c251edd3a5264587fd9dd29d2e4b78d9b90eda61",
    "https://esm.sh/openai@4.29.2/denonext/openai.mjs": "ee59ab53c7c6492cebcbf45cc05f9d8e46a82ac6ddd278a7c063b996aaf6fb78",
    "https://esm.sh/openai@4.29.2/denonext/pagination.mjs": "ae9e2f573253f4c9bcba3cfc4a0c41361fc438969e211f7f58875fab3f18d569",
    "https://esm.sh/openai@4.29.2/denonext/resource.mjs": "29e45147fe5e523a8e656e7368faeb9786dee615a1006dc4eb1d6eb25ddb9b4e",
    "https://esm.sh/openai@4.29.2/denonext/resources/audio/audio.mjs": "f16c1828c7e70bade5ba9cfb43d9627c024b9f70c2a43efc71132fc3343ce5f2",
    "https://esm.sh/openai@4.29.2/denonext/resources/audio/speech.mjs": "1e9e7b45cefcb43705534dbfa738a1005bda5e48cdabce9dd67a339b8a9a6b21",
    "https://esm.sh/openai@4.29.2/denonext/resources/audio/transcriptions.mjs": "477c162584538518f71b778e45ec8a2551d254b487fb2375f310661d5e1105c4",
    "https://esm.sh/openai@4.29.2/denonext/resources/audio/translations.mjs": "2f1d5fc156f4b223d585fa4542775b0e18c9cc71801d81a159e8df6a368a9582",
    "https://esm.sh/openai@4.29.2/denonext/resources/beta/assistants/assistants.mjs": "4acac691aeb98a37bc84bc908141370f5e427344e149a884c79db7898cbdb742",
    "https://esm.sh/openai@4.29.2/denonext/resources/beta/assistants/files.mjs": "bbfa54a8aacfa575706a53faea9fb395d96471de233d9fa1641b424cc919ec12",
    "https://esm.sh/openai@4.29.2/denonext/resources/beta/beta.mjs": "9992cae5df0d9ad4aacf3d0a82f0848761297504a650f65d1a209cd6c72018f6",
    "https://esm.sh/openai@4.29.2/denonext/resources/beta/chat/chat.mjs": "fa419aa7b9a0f0aeced044bd7cf072ebbcdb055ee49c47ae8d9cdb99cbaa1f59",
    "https://esm.sh/openai@4.29.2/denonext/resources/beta/chat/completions.mjs": "3b6f871f2488beb279f759e9dcf9903e8defe23f266cfbc300795e007bd4bdd6",
    "https://esm.sh/openai@4.29.2/denonext/resources/beta/threads/messages/files.mjs": "f083cd813674961e3cddcdb495635acaca56260b17b7883e4d5d31ada9bd0fc5",
    "https://esm.sh/openai@4.29.2/denonext/resources/beta/threads/messages/messages.mjs": "a376e5e5e299acb6b984137c59aff7951311dcc9a70a1582637da6efc7a63f96",
    "https://esm.sh/openai@4.29.2/denonext/resources/beta/threads/runs/runs.mjs": "998ab1ad383197c551d542d5444cba6ca27e86815e4e151d51cbdce3818d60b9",
    "https://esm.sh/openai@4.29.2/denonext/resources/beta/threads/runs/steps.mjs": "68f1623e8e020b5613d8587845ec44662578665a1eb17d61c18e1dd8e095d6b0",
    "https://esm.sh/openai@4.29.2/denonext/resources/beta/threads/threads.mjs": "f2a64159cbdb12c96d7cd8b770c710c0cb515f29cc1405261693e7c549c2f74b",
    "https://esm.sh/openai@4.29.2/denonext/resources/chat/chat.mjs": "b2c5901be9274e48b3e5a4b7ebc749d27025888c17922866fbac99e149a1e9ec",
    "https://esm.sh/openai@4.29.2/denonext/resources/chat/completions.mjs": "086d054245718516bd1e86bce113ddaf0b248ddbd10f3fc80e7314ad45a9c6bd",
    "https://esm.sh/openai@4.29.2/denonext/resources/chat/index.mjs": "e97679d220bd8c1a3a8c7d8fd3a2a8a68ae8a0c881274edeb805ab1ef8c14a38",
    "https://esm.sh/openai@4.29.2/denonext/resources/completions.mjs": "dc135aaae171d5862ec1b9cdc879a7d0115a1c79dc9e39d6f098b5632f76d2ab",
    "https://esm.sh/openai@4.29.2/denonext/resources/embeddings.mjs": "41f6b4dfb5fea56ffa8f2c20f5b73f1590cc30d7b22be5f98ee70bd76b70bff7",
    "https://esm.sh/openai@4.29.2/denonext/resources/files.mjs": "0fa98c7b5c34f4f2df8bf3457e4663420355f9caa825563262a98ba96af3d40e",
    "https://esm.sh/openai@4.29.2/denonext/resources/fine-tuning/fine-tuning.mjs": "e0d30d077fdbf2d64e00638b71028456b1982eefcbf349139b542af6da79618d",
    "https://esm.sh/openai@4.29.2/denonext/resources/fine-tuning/jobs.mjs": "3d3b4f777c8e94a24154d371fb8545a7a158821fecfe961375a3819899a77eac",
    "https://esm.sh/openai@4.29.2/denonext/resources/images.mjs": "5a72ae82370811da72f7ff3ba317a94018272af563294bb066e08713e8aecca8",
    "https://esm.sh/openai@4.29.2/denonext/resources/index.mjs": "9267e18158a0308d1ef06e19715b176aa61385ac40d8a32cb1711bda9d6c4418",
    "https://esm.sh/openai@4.29.2/denonext/resources/models.mjs": "27e3d010cecdd3f29970ecc43db723627fdc7775b6c7ceb292ddf764776d725e",
    "https://esm.sh/openai@4.29.2/denonext/resources/moderations.mjs": "c304e73115565fd532f78ded12dbced7743ca126d81890f56b2d280e0ee906b3",
    "https://esm.sh/openai@4.29.2/denonext/resources/shared.mjs": "05fc72b9064bb5d2043c48a882472e8e5f1852ad66ef3fed0e1c91a959bd38b8",
    "https://esm.sh/openai@4.29.2/denonext/streaming.mjs": "eb10af1eb2efd1e7b5205d7837be6a0a6162774b3484698d34f20fa942560578",
    "https://esm.sh/openai@4.29.2/denonext/uploads.mjs": "c0d0a3ac7b23c5f7d56124c40ffd1c443a1beb7dfa3bd1231d26b4080d077746",
    "https://esm.sh/openai@4.29.2/denonext/version.mjs": "efe781fb5e499080e0d045a7b2ecce552ad6d93e34744e6385f6007d82200601",
    "https://esm.sh/supports-color@10.0.0/denonext/supports-color.mjs": "239cd39d0828e1a018dee102748da869b1b75c38fe6a9c0c8f0bd4ffbd3e1ea1",
    "https://esm.sh/supports-color@10.0.0?target=denonext": "4895255248e4ba0cbcce9437003dccf3658b1ac1d1e8eba5225fb8194c454ee1",
    "https://esm.sh/tr46@0.0.3/denonext/tr46.mjs": "5753ec0a99414f4055f0c1f97691100f13d88e48a8443b00aebb90a512785fa2",
    "https://esm.sh/tr46@0.0.3?target=denonext": "19cb9be0f0d418a0c3abb81f2df31f080e9540a04e43b0f699bce1149cba0cbb",
    "https://esm.sh/utf-8-validate@6.0.5/denonext/utf-8-validate.mjs": "66b8ea532a0c745068f5b96ddb1bae332c3036703243541d2e89e66331974d98",
    "https://esm.sh/utf-8-validate@6.0.5?target=denonext": "071bc33ba1a58297e23a34d69dd589fd06df04b0f373b382ff5da544a623f271",
    "https://esm.sh/webidl-conversions@3.0.1/denonext/webidl-conversions.mjs": "54b5c2d50a294853c4ccebf9d5ed8988c94f4e24e463d84ec859a866ea5fafec",
    "https://esm.sh/webidl-conversions@3.0.1?target=denonext": "4e20318d50528084616c79d7b3f6e7f0fe7b6d09013bd01b3974d7448d767e29",
    "https://esm.sh/whatwg-url@5.0.0/denonext/whatwg-url.mjs": "29b16d74ee72624c915745bbd25b617cfd2248c6af0f5120d131e232a9a9af79",
    "https://esm.sh/whatwg-url@5.0.0?target=denonext": "f001a2cadf81312d214ca330033f474e74d81a003e21e8c5d70a1f46dc97b02d",
    "https://esm.sh/ws@8.18.2/denonext/ws.mjs": "b9211ecb1511b09f418c1330920c66800b66710b2cd2997b64b7e0525bd895d2",
    "https://esm.sh/ws@8.18.2?target=denonext": "2ee7b1bb11543dda3e7e1c685ad8599b6f18aea785302374c3def5da468a1e51"
  },
  "workspace": {
    "packageJson": {
      "dependencies": [
        "npm:@babel/core@^7.20.0",
        "npm:@babel/node@^7.27.1",
        "npm:@config-plugins/react-native-webrtc@10",
        "npm:@expo-google-fonts/inter@0.3",
        "npm:@expo/vector-icons@14",
        "npm:@js-joda/core@^5.6.5",
        "npm:@js-joda/locale_en-us@^4.15.1",
        "npm:@js-joda/timezone@^2.22.0",
        "npm:@js-temporal/polyfill@~0.5.1",
        "npm:@react-native-async-storage/async-storage@^2.1.2",
        "npm:@react-native-community/datetimepicker@8.3.0",
        "npm:@react-native-community/netinfo@^11.4.1",
        "npm:@react-navigation/bottom-tabs@^7.3.10",
        "npm:@react-navigation/native-stack@^7.3.10",
        "npm:@react-navigation/native@^7.1.6",
        "npm:@shopify/react-native-skia@2.0.0-next.4",
        "npm:@supabase/supabase-js@^1.35.7",
        "npm:@types/react@~19.0.10",
        "npm:@types/uuid@10",
        "npm:@typescript-eslint/eslint-plugin@^7.7.0",
        "npm:@typescript-eslint/parser@^7.7.0",
        "npm:ajv@^8.12.0",
        "npm:base-64@1",
        "npm:eslint-config-universe@^12.0.1",
        "npm:eslint@^8.57.0",
        "npm:expo-av@^15.1.4",
        "npm:expo-constants@~17.1.4",
        "npm:expo-dev-client@~5.1.8",
        "npm:expo-device@^7.1.4",
        "npm:expo-linear-gradient@^14.1.4",
        "npm:expo-linking@~7.1.4",
        "npm:expo-location@~18.1.5",
        "npm:expo-notifications@~0.31.2",
        "npm:expo-permissions@^14.4.0",
        "npm:expo-router@~5.0.3",
        "npm:expo-status-bar@~2.2.3",
        "npm:expo-system-ui@~5.0.6",
        "npm:expo-web-browser@~14.1.6",
        "npm:expo@^53.0.7",
        "npm:nativewind@latest",
        "npm:openai@^4.97.0",
        "npm:prettier-plugin-tailwindcss@~0.5.11",
        "npm:prettier@^3.2.5",
        "npm:react-dom@19.0.0",
        "npm:react-native-animatable@^1.4.0",
        "npm:react-native-audio-recorder-player@^3.6.12",
        "npm:react-native-calendars@^1.1312.0",
        "npm:react-native-chart-kit@^6.12.0",
        "npm:react-native-gesture-handler@2.24",
        "npm:react-native-get-random-values@^1.11.0",
        "npm:react-native-gifted-charts@^1.4.61",
        "npm:react-native-incall-manager@^4.2.1",
        "npm:react-native-linear-gradient@^2.8.3",
        "npm:react-native-reanimated@~3.17.4",
        "npm:react-native-safe-area-context@5.4.0",
        "npm:react-native-screens@~4.11.1",
        "npm:react-native-svg@15.11.2",
        "npm:react-native-url-polyfill@2",
        "npm:react-native-web@0.20",
        "npm:react-native-webrtc@^124.0.5",
        "npm:react-native@0.79.2",
        "npm:react@19.0.0",
        "npm:tailwind-merge@^3.2.0",
        "npm:tailwindcss@^3.4.0",
        "npm:typescript@~5.8.3",
        "npm:uuid@^11.1.0",
        "npm:victory-native@^41.17.1"
      ]
    }
  }
}
